
Microsoft Visual Studio Solution File, Format Version 12.00
# Visual Studio 15
VisualStudioVersion = 15.0.28307.329
MinimumVisualStudioVersion = 10.0.40219.1
Project("{FAE04EC0-301F-11D3-BF4B-00C04F79EFBC}") = "25_Face_Detection", "25_Face_Detection\25_Face_Detection.csproj", "{A95F9D57-108E-4787-8CBC-F5CBE6917D44}"
EndProject
Global
	GlobalSection(SolutionConfigurationPlatforms) = preSolution
		Debug|Any CPU = Debug|Any CPU
		Release|Any CPU = Release|Any CPU
	EndGlobalSection
	GlobalSection(ProjectConfigurationPlatforms) = postSolution
		{A95F9D57-108E-4787-8CBC-F5CBE6917D44}.Debug|Any CPU.ActiveCfg = Debug|Any CPU
		{A95F9D57-108E-4787-8CBC-F5CBE6917D44}.Debug|Any CPU.Build.0 = Debug|Any CPU
		{A95F9D57-108E-4787-8CBC-F5CBE6917D44}.Release|Any CPU.ActiveCfg = Release|Any CPU
		{A95F9D57-108E-4787-8CBC-F5CBE6917D44}.Release|Any CPU.Build.0 = Release|Any CPU
	EndGlobalSection
	GlobalSection(SolutionProperties) = preSolution
		HideSolutionNode = FALSE
	EndGlobalSection
	GlobalSection(ExtensibilityGlobals) = postSolution
		SolutionGuid = {673B9902-7963-4360-8D32-98A3DFD48961}
	EndGlobalSection
EndGlobal
